// !$*UTF8*$!
{
	archiveVersion = 1;
	classes = {
	};
	objectVersion = 46;
	objects = {

/* Begin PBXBuildFile section */
		8D0882E01998091600A7F888 /* BridgeContract.m in Sources */ = {isa = PBXBuildFile; fileRef = 8D0882DF1998091600A7F888 /* BridgeContract.m */; };
		8D0882E419980F4F00A7F888 /* BridgeRoundView.m in Sources */ = {isa = PBXBuildFile; fileRef = 8D0882E319980F4F00A7F888 /* BridgeRoundView.m */; };
		8D86227A199A8079007B2D3A /* ContractResult.m in Sources */ = {isa = PBXBuildFile; fileRef = 8D862279199A8079007B2D3A /* ContractResult.m */; };
		8D86227E199A9D29007B2D3A /* ResultsViewController.m in Sources */ = {isa = PBXBuildFile; fileRef = 8D86227D199A9D29007B2D3A /* ResultsViewController.m */; };
		8D9643AA19993E72001DB5D9 /* GameScorer.m in Sources */ = {isa = PBXBuildFile; fileRef = 8D9643A919993E72001DB5D9 /* GameScorer.m */; };
		8D9643AD19994441001DB5D9 /* GameScorerTests.m in Sources */ = {isa = PBXBuildFile; fileRef = 8D9643AC19994441001DB5D9 /* GameScorerTests.m */; };
		8D9643AF19994606001DB5D9 /* GameState.m in Sources */ = {isa = PBXBuildFile; fileRef = 8D9643AE19994606001DB5D9 /* GameState.m */; };
		8D9643B2199946B5001DB5D9 /* ContractOutcome.m in Sources */ = {isa = PBXBuildFile; fileRef = 8D9643B1199946B5001DB5D9 /* ContractOutcome.m */; };
		8D9643B51999477A001DB5D9 /* GameScore.m in Sources */ = {isa = PBXBuildFile; fileRef = 8D9643B41999477A001DB5D9 /* GameScore.m */; };
		8D9643B8199982F2001DB5D9 /* ContractViewController.m in Sources */ = {isa = PBXBuildFile; fileRef = 8D9643B7199982F2001DB5D9 /* ContractViewController.m */; };
		8DBB4B1F199094590065087D /* Foundation.framework in Frameworks */ = {isa = PBXBuildFile; fileRef = 8DBB4B1E199094590065087D /* Foundation.framework */; };
		8DBB4B21199094590065087D /* CoreGraphics.framework in Frameworks */ = {isa = PBXBuildFile; fileRef = 8DBB4B20199094590065087D /* CoreGraphics.framework */; };
		8DBB4B23199094590065087D /* UIKit.framework in Frameworks */ = {isa = PBXBuildFile; fileRef = 8DBB4B22199094590065087D /* UIKit.framework */; };
		8DBB4B29199094590065087D /* InfoPlist.strings in Resources */ = {isa = PBXBuildFile; fileRef = 8DBB4B27199094590065087D /* InfoPlist.strings */; };
		8DBB4B2B199094590065087D /* main.m in Sources */ = {isa = PBXBuildFile; fileRef = 8DBB4B2A199094590065087D /* main.m */; };
		8DBB4B2F199094590065087D /* AppDelegate.m in Sources */ = {isa = PBXBuildFile; fileRef = 8DBB4B2E199094590065087D /* AppDelegate.m */; };
		8DBB4B32199094590065087D /* Main.storyboard in Resources */ = {isa = PBXBuildFile; fileRef = 8DBB4B30199094590065087D /* Main.storyboard */; };
		8DBB4B37199094590065087D /* Images.xcassets in Resources */ = {isa = PBXBuildFile; fileRef = 8DBB4B36199094590065087D /* Images.xcassets */; };
		8DBB4B3E199094590065087D /* XCTest.framework in Frameworks */ = {isa = PBXBuildFile; fileRef = 8DBB4B3D199094590065087D /* XCTest.framework */; };
		8DBB4B3F199094590065087D /* Foundation.framework in Frameworks */ = {isa = PBXBuildFile; fileRef = 8DBB4B1E199094590065087D /* Foundation.framework */; };
		8DBB4B40199094590065087D /* UIKit.framework in Frameworks */ = {isa = PBXBuildFile; fileRef = 8DBB4B22199094590065087D /* UIKit.framework */; };
		8DBB4B48199094590065087D /* InfoPlist.strings in Resources */ = {isa = PBXBuildFile; fileRef = 8DBB4B46199094590065087D /* InfoPlist.strings */; };
		8DBB4B4A199094590065087D /* BridgeScorerTests.m in Sources */ = {isa = PBXBuildFile; fileRef = 8DBB4B49199094590065087D /* BridgeScorerTests.m */; };
		8DBB4B55199094B60065087D /* GameViewController.m in Sources */ = {isa = PBXBuildFile; fileRef = 8DBB4B54199094B60065087D /* GameViewController.m */; };
		8DBB4B58199095390065087D /* GameTypeSelectionViewController.m in Sources */ = {isa = PBXBuildFile; fileRef = 8DBB4B57199095390065087D /* GameTypeSelectionViewController.m */; };
		8DC9AA10199B219400288355 /* README.md in Resources */ = {isa = PBXBuildFile; fileRef = 8DC9AA0F199B219400288355 /* README.md */; };
/* End PBXBuildFile section */

/* Begin PBXContainerItemProxy section */
		8DBB4B41199094590065087D /* PBXContainerItemProxy */ = {
			isa = PBXContainerItemProxy;
			containerPortal = 8DBB4B13199094590065087D /* Project object */;
			proxyType = 1;
			remoteGlobalIDString = 8DBB4B1A199094590065087D;
			remoteInfo = BridgeScorer;
		};
/* End PBXContainerItemProxy section */

/* Begin PBXFileReference section */
		8D0882DE1998091600A7F888 /* BridgeContract.h */ = {isa = PBXFileReference; fileEncoding = 4; lastKnownFileType = sourcecode.c.h; path = BridgeContract.h; sourceTree = "<group>"; };
		8D0882DF1998091600A7F888 /* BridgeContract.m */ = {isa = PBXFileReference; fileEncoding = 4; lastKnownFileType = sourcecode.c.objc; path = BridgeContract.m; sourceTree = "<group>"; };
		8D0882E119980B9A00A7F888 /* CardSuit.h */ = {isa = PBXFileReference; lastKnownFileType = sourcecode.c.h; path = CardSuit.h; sourceTree = "<group>"; };
		8D0882E219980F4F00A7F888 /* BridgeRoundView.h */ = {isa = PBXFileReference; fileEncoding = 4; lastKnownFileType = sourcecode.c.h; path = BridgeRoundView.h; sourceTree = "<group>"; };
		8D0882E319980F4F00A7F888 /* BridgeRoundView.m */ = {isa = PBXFileReference; fileEncoding = 4; lastKnownFileType = sourcecode.c.objc; path = BridgeRoundView.m; sourceTree = "<group>"; };
		8D862277199A75A4007B2D3A /* ContractDelegate.h */ = {isa = PBXFileReference; lastKnownFileType = sourcecode.c.h; path = ContractDelegate.h; sourceTree = "<group>"; };
		8D862278199A8079007B2D3A /* ContractResult.h */ = {isa = PBXFileReference; fileEncoding = 4; lastKnownFileType = sourcecode.c.h; path = ContractResult.h; sourceTree = "<group>"; };
		8D862279199A8079007B2D3A /* ContractResult.m */ = {isa = PBXFileReference; fileEncoding = 4; lastKnownFileType = sourcecode.c.objc; path = ContractResult.m; sourceTree = "<group>"; };
		8D86227C199A9D29007B2D3A /* ResultsViewController.h */ = {isa = PBXFileReference; fileEncoding = 4; lastKnownFileType = sourcecode.c.h; path = ResultsViewController.h; sourceTree = "<group>"; };
		8D86227D199A9D29007B2D3A /* ResultsViewController.m */ = {isa = PBXFileReference; fileEncoding = 4; lastKnownFileType = sourcecode.c.objc; path = ResultsViewController.m; sourceTree = "<group>"; };
		8D9643A819993E72001DB5D9 /* GameScorer.h */ = {isa = PBXFileReference; fileEncoding = 4; lastKnownFileType = sourcecode.c.h; path = GameScorer.h; sourceTree = "<group>"; };
		8D9643A919993E72001DB5D9 /* GameScorer.m */ = {isa = PBXFileReference; fileEncoding = 4; lastKnownFileType = sourcecode.c.objc; path = GameScorer.m; sourceTree = "<group>"; };
		8D9643AB19993EB7001DB5D9 /* GameState.h */ = {isa = PBXFileReference; lastKnownFileType = sourcecode.c.h; path = GameState.h; sourceTree = "<group>"; };
		8D9643AC19994441001DB5D9 /* GameScorerTests.m */ = {isa = PBXFileReference; fileEncoding = 4; lastKnownFileType = sourcecode.c.objc; path = GameScorerTests.m; sourceTree = "<group>"; };
		8D9643AE19994606001DB5D9 /* GameState.m */ = {isa = PBXFileReference; fileEncoding = 4; lastKnownFileType = sourcecode.c.objc; path = GameState.m; sourceTree = "<group>"; };
		8D9643B0199946B5001DB5D9 /* ContractOutcome.h */ = {isa = PBXFileReference; fileEncoding = 4; lastKnownFileType = sourcecode.c.h; path = ContractOutcome.h; sourceTree = "<group>"; };
		8D9643B1199946B5001DB5D9 /* ContractOutcome.m */ = {isa = PBXFileReference; fileEncoding = 4; lastKnownFileType = sourcecode.c.objc; path = ContractOutcome.m; sourceTree = "<group>"; };
		8D9643B31999477A001DB5D9 /* GameScore.h */ = {isa = PBXFileReference; fileEncoding = 4; lastKnownFileType = sourcecode.c.h; path = GameScore.h; sourceTree = "<group>"; };
		8D9643B41999477A001DB5D9 /* GameScore.m */ = {isa = PBXFileReference; fileEncoding = 4; lastKnownFileType = sourcecode.c.objc; path = GameScore.m; sourceTree = "<group>"; };
		8D9643B6199982F2001DB5D9 /* ContractViewController.h */ = {isa = PBXFileReference; fileEncoding = 4; lastKnownFileType = sourcecode.c.h; path = ContractViewController.h; sourceTree = "<group>"; };
		8D9643B7199982F2001DB5D9 /* ContractViewController.m */ = {isa = PBXFileReference; fileEncoding = 4; lastKnownFileType = sourcecode.c.objc; path = ContractViewController.m; sourceTree = "<group>"; };
		8DBB4B1B199094590065087D /* BridgeScorer.app */ = {isa = PBXFileReference; explicitFileType = wrapper.application; includeInIndex = 0; path = BridgeScorer.app; sourceTree = BUILT_PRODUCTS_DIR; };
		8DBB4B1E199094590065087D /* Foundation.framework */ = {isa = PBXFileReference; lastKnownFileType = wrapper.framework; name = Foundation.framework; path = System/Library/Frameworks/Foundation.framework; sourceTree = SDKROOT; };
		8DBB4B20199094590065087D /* CoreGraphics.framework */ = {isa = PBXFileReference; lastKnownFileType = wrapper.framework; name = CoreGraphics.framework; path = System/Library/Frameworks/CoreGraphics.framework; sourceTree = SDKROOT; };
		8DBB4B22199094590065087D /* UIKit.framework */ = {isa = PBXFileReference; lastKnownFileType = wrapper.framework; name = UIKit.framework; path = System/Library/Frameworks/UIKit.framework; sourceTree = SDKROOT; };
		8DBB4B26199094590065087D /* BridgeScorer-Info.plist */ = {isa = PBXFileReference; lastKnownFileType = text.plist.xml; path = "BridgeScorer-Info.plist"; sourceTree = "<group>"; };
		8DBB4B28199094590065087D /* en */ = {isa = PBXFileReference; lastKnownFileType = text.plist.strings; name = en; path = en.lproj/InfoPlist.strings; sourceTree = "<group>"; };
		8DBB4B2A199094590065087D /* main.m */ = {isa = PBXFileReference; lastKnownFileType = sourcecode.c.objc; path = main.m; sourceTree = "<group>"; };
		8DBB4B2C199094590065087D /* BridgeScorer-Prefix.pch */ = {isa = PBXFileReference; lastKnownFileType = sourcecode.c.h; path = "BridgeScorer-Prefix.pch"; sourceTree = "<group>"; };
		8DBB4B2D199094590065087D /* AppDelegate.h */ = {isa = PBXFileReference; lastKnownFileType = sourcecode.c.h; path = AppDelegate.h; sourceTree = "<group>"; };
		8DBB4B2E199094590065087D /* AppDelegate.m */ = {isa = PBXFileReference; lastKnownFileType = sourcecode.c.objc; path = AppDelegate.m; sourceTree = "<group>"; };
		8DBB4B31199094590065087D /* Base */ = {isa = PBXFileReference; lastKnownFileType = file.storyboard; name = Base; path = Base.lproj/Main.storyboard; sourceTree = "<group>"; };
		8DBB4B36199094590065087D /* Images.xcassets */ = {isa = PBXFileReference; lastKnownFileType = folder.assetcatalog; path = Images.xcassets; sourceTree = "<group>"; };
		8DBB4B3C199094590065087D /* BridgeScorerTests.xctest */ = {isa = PBXFileReference; explicitFileType = wrapper.cfbundle; includeInIndex = 0; path = BridgeScorerTests.xctest; sourceTree = BUILT_PRODUCTS_DIR; };
		8DBB4B3D199094590065087D /* XCTest.framework */ = {isa = PBXFileReference; lastKnownFileType = wrapper.framework; name = XCTest.framework; path = Library/Frameworks/XCTest.framework; sourceTree = DEVELOPER_DIR; };
		8DBB4B45199094590065087D /* BridgeScorerTests-Info.plist */ = {isa = PBXFileReference; lastKnownFileType = text.plist.xml; path = "BridgeScorerTests-Info.plist"; sourceTree = "<group>"; };
		8DBB4B47199094590065087D /* en */ = {isa = PBXFileReference; lastKnownFileType = text.plist.strings; name = en; path = en.lproj/InfoPlist.strings; sourceTree = "<group>"; };
		8DBB4B49199094590065087D /* BridgeScorerTests.m */ = {isa = PBXFileReference; lastKnownFileType = sourcecode.c.objc; path = BridgeScorerTests.m; sourceTree = "<group>"; };
		8DBB4B53199094B60065087D /* GameViewController.h */ = {isa = PBXFileReference; fileEncoding = 4; lastKnownFileType = sourcecode.c.h; path = GameViewController.h; sourceTree = "<group>"; };
		8DBB4B54199094B60065087D /* GameViewController.m */ = {isa = PBXFileReference; fileEncoding = 4; lastKnownFileType = sourcecode.c.objc; path = GameViewController.m; sourceTree = "<group>"; };
		8DBB4B56199095390065087D /* GameTypeSelectionViewController.h */ = {isa = PBXFileReference; fileEncoding = 4; lastKnownFileType = sourcecode.c.h; path = GameTypeSelectionViewController.h; sourceTree = "<group>"; };
		8DBB4B57199095390065087D /* GameTypeSelectionViewController.m */ = {isa = PBXFileReference; fileEncoding = 4; lastKnownFileType = sourcecode.c.objc; path = GameTypeSelectionViewController.m; sourceTree = "<group>"; };
		8DC9AA0F199B219400288355 /* README.md */ = {isa = PBXFileReference; fileEncoding = 4; lastKnownFileType = text; path = README.md; sourceTree = SOURCE_ROOT; };
/* End PBXFileReference section */

/* Begin PBXFrameworksBuildPhase section */
		8DBB4B18199094590065087D /* Frameworks */ = {
			isa = PBXFrameworksBuildPhase;
			buildActionMask = 2147483647;
			files = (
				8DBB4B21199094590065087D /* CoreGraphics.framework in Frameworks */,
				8DBB4B23199094590065087D /* UIKit.framework in Frameworks */,
				8DBB4B1F199094590065087D /* Foundation.framework in Frameworks */,
			);
			runOnlyForDeploymentPostprocessing = 0;
		};
		8DBB4B39199094590065087D /* Frameworks */ = {
			isa = PBXFrameworksBuildPhase;
			buildActionMask = 2147483647;
			files = (
				8DBB4B3E199094590065087D /* XCTest.framework in Frameworks */,
				8DBB4B40199094590065087D /* UIKit.framework in Frameworks */,
				8DBB4B3F199094590065087D /* Foundation.framework in Frameworks */,
			);
			runOnlyForDeploymentPostprocessing = 0;
		};
/* End PBXFrameworksBuildPhase section */

/* Begin PBXGroup section */
		8D86227B199A8AEC007B2D3A /* Models */ = {
			isa = PBXGroup;
			children = (
				8D0882DE1998091600A7F888 /* BridgeContract.h */,
				8D0882DF1998091600A7F888 /* BridgeContract.m */,
				8D9643AB19993EB7001DB5D9 /* GameState.h */,
				8D9643AE19994606001DB5D9 /* GameState.m */,
				8D9643B31999477A001DB5D9 /* GameScore.h */,
				8D9643B41999477A001DB5D9 /* GameScore.m */,
				8D9643A819993E72001DB5D9 /* GameScorer.h */,
				8D9643A919993E72001DB5D9 /* GameScorer.m */,
				8D9643B0199946B5001DB5D9 /* ContractOutcome.h */,
				8D9643B1199946B5001DB5D9 /* ContractOutcome.m */,
				8D0882E119980B9A00A7F888 /* CardSuit.h */,
				8D862278199A8079007B2D3A /* ContractResult.h */,
				8D862279199A8079007B2D3A /* ContractResult.m */,
			);
			name = Models;
			sourceTree = "<group>";
		};
		8DBB4B12199094590065087D = {
			isa = PBXGroup;
			children = (
				8DBB4B24199094590065087D /* BridgeScorer */,
				8DBB4B43199094590065087D /* BridgeScorerTests */,
				8DBB4B1D199094590065087D /* Frameworks */,
				8DBB4B1C199094590065087D /* Products */,
			);
			sourceTree = "<group>";
		};
		8DBB4B1C199094590065087D /* Products */ = {
			isa = PBXGroup;
			children = (
				8DBB4B1B199094590065087D /* BridgeScorer.app */,
				8DBB4B3C199094590065087D /* BridgeScorerTests.xctest */,
			);
			name = Products;
			sourceTree = "<group>";
		};
		8DBB4B1D199094590065087D /* Frameworks */ = {
			isa = PBXGroup;
			children = (
				8DBB4B1E199094590065087D /* Foundation.framework */,
				8DBB4B20199094590065087D /* CoreGraphics.framework */,
				8DBB4B22199094590065087D /* UIKit.framework */,
				8DBB4B3D199094590065087D /* XCTest.framework */,
			);
			name = Frameworks;
			sourceTree = "<group>";
		};
		8DBB4B24199094590065087D /* BridgeScorer */ = {
			isa = PBXGroup;
			children = (
				8D86227B199A8AEC007B2D3A /* Models */,
				8DBB4B30199094590065087D /* Main.storyboard */,
				8D86227C199A9D29007B2D3A /* ResultsViewController.h */,
				8D86227D199A9D29007B2D3A /* ResultsViewController.m */,
				8D9643B6199982F2001DB5D9 /* ContractViewController.h */,
				8D9643B7199982F2001DB5D9 /* ContractViewController.m */,
				8DBB4B56199095390065087D /* GameTypeSelectionViewController.h */,
				8DBB4B57199095390065087D /* GameTypeSelectionViewController.m */,
				8DBB4B53199094B60065087D /* GameViewController.h */,
				8DBB4B54199094B60065087D /* GameViewController.m */,
				8D862277199A75A4007B2D3A /* ContractDelegate.h */,
				8D0882E219980F4F00A7F888 /* BridgeRoundView.h */,
				8D0882E319980F4F00A7F888 /* BridgeRoundView.m */,
				8DBB4B36199094590065087D /* Images.xcassets */,
				8DBB4B25199094590065087D /* Supporting Files */,
			);
			path = BridgeScorer;
			sourceTree = "<group>";
		};
		8DBB4B25199094590065087D /* Supporting Files */ = {
			isa = PBXGroup;
			children = (
				8DC9AA0F199B219400288355 /* README.md */,
				8DBB4B2D199094590065087D /* AppDelegate.h */,
				8DBB4B2E199094590065087D /* AppDelegate.m */,
				8DBB4B26199094590065087D /* BridgeScorer-Info.plist */,
				8DBB4B27199094590065087D /* InfoPlist.strings */,
				8DBB4B2A199094590065087D /* main.m */,
				8DBB4B2C199094590065087D /* BridgeScorer-Prefix.pch */,
			);
			name = "Supporting Files";
			sourceTree = "<group>";
		};
		8DBB4B43199094590065087D /* BridgeScorerTests */ = {
			isa = PBXGroup;
			children = (
				8DBB4B49199094590065087D /* BridgeScorerTests.m */,
				8D9643AC19994441001DB5D9 /* GameScorerTests.m */,
				8DBB4B44199094590065087D /* Supporting Files */,
			);
			path = BridgeScorerTests;
			sourceTree = "<group>";
		};
		8DBB4B44199094590065087D /* Supporting Files */ = {
			isa = PBXGroup;
			children = (
				8DBB4B45199094590065087D /* BridgeScorerTests-Info.plist */,
				8DBB4B46199094590065087D /* InfoPlist.strings */,
			);
			name = "Supporting Files";
			sourceTree = "<group>";
		};
/* End PBXGroup section */

/* Begin PBXNativeTarget section */
		8DBB4B1A199094590065087D /* BridgeScorer */ = {
			isa = PBXNativeTarget;
			buildConfigurationList = 8DBB4B4D199094590065087D /* Build configuration list for PBXNativeTarget "BridgeScorer" */;
			buildPhases = (
				8DBB4B17199094590065087D /* Sources */,
				8DBB4B18199094590065087D /* Frameworks */,
				8DBB4B19199094590065087D /* Resources */,
			);
			buildRules = (
			);
			dependencies = (
			);
			name = BridgeScorer;
			productName = BridgeScorer;
			productReference = 8DBB4B1B199094590065087D /* BridgeScorer.app */;
			productType = "com.apple.product-type.application";
		};
		8DBB4B3B199094590065087D /* BridgeScorerTests */ = {
			isa = PBXNativeTarget;
			buildConfigurationList = 8DBB4B50199094590065087D /* Build configuration list for PBXNativeTarget "BridgeScorerTests" */;
			buildPhases = (
				8DBB4B38199094590065087D /* Sources */,
				8DBB4B39199094590065087D /* Frameworks */,
				8DBB4B3A199094590065087D /* Resources */,
			);
			buildRules = (
			);
			dependencies = (
				8DBB4B42199094590065087D /* PBXTargetDependency */,
			);
			name = BridgeScorerTests;
			productName = BridgeScorerTests;
			productReference = 8DBB4B3C199094590065087D /* BridgeScorerTests.xctest */;
			productType = "com.apple.product-type.bundle.unit-test";
		};
/* End PBXNativeTarget section */

/* Begin PBXProject section */
		8DBB4B13199094590065087D /* Project object */ = {
			isa = PBXProject;
			attributes = {
				LastUpgradeCheck = 0510;
				ORGANIZATIONNAME = "Jeffrey Ching";
				TargetAttributes = {
					8DBB4B1A199094590065087D = {
						DevelopmentTeam = G7BTFZEF64;
					};
					8DBB4B3B199094590065087D = {
						TestTargetID = 8DBB4B1A199094590065087D;
					};
				};
			};
			buildConfigurationList = 8DBB4B16199094590065087D /* Build configuration list for PBXProject "BridgeScorer" */;
			compatibilityVersion = "Xcode 3.2";
			developmentRegion = English;
			hasScannedForEncodings = 0;
			knownRegions = (
				en,
				Base,
			);
			mainGroup = 8DBB4B12199094590065087D;
			productRefGroup = 8DBB4B1C199094590065087D /* Products */;
			projectDirPath = "";
			projectRoot = "";
			targets = (
				8DBB4B1A199094590065087D /* BridgeScorer */,
				8DBB4B3B199094590065087D /* BridgeScorerTests */,
			);
		};
/* End PBXProject section */

/* Begin PBXResourcesBuildPhase section */
		8DBB4B19199094590065087D /* Resources */ = {
			isa = PBXResourcesBuildPhase;
			buildActionMask = 2147483647;
			files = (
				8DBB4B37199094590065087D /* Images.xcassets in Resources */,
				8DBB4B29199094590065087D /* InfoPlist.strings in Resources */,
				8DC9AA10199B219400288355 /* README.md in Resources */,
				8DBB4B32199094590065087D /* Main.storyboard in Resources */,
			);
			runOnlyForDeploymentPostprocessing = 0;
		};
		8DBB4B3A199094590065087D /* Resources */ = {
			isa = PBXResourcesBuildPhase;
			buildActionMask = 2147483647;
			files = (
				8DBB4B48199094590065087D /* InfoPlist.strings in Resources */,
			);
			runOnlyForDeploymentPostprocessing = 0;
		};
/* End PBXResourcesBuildPhase section */

/* Begin PBXSourcesBuildPhase section */
		8DBB4B17199094590065087D /* Sources */ = {
			isa = PBXSourcesBuildPhase;
			buildActionMask = 2147483647;
			files = (
				8D9643B2199946B5001DB5D9 /* ContractOutcome.m in Sources */,
				8D86227A199A8079007B2D3A /* ContractResult.m in Sources */,
				8D9643AF19994606001DB5D9 /* GameState.m in Sources */,
				8DBB4B55199094B60065087D /* GameViewController.m in Sources */,
				8D9643B8199982F2001DB5D9 /* ContractViewController.m in Sources */,
				8D9643B51999477A001DB5D9 /* GameScore.m in Sources */,
				8D0882E01998091600A7F888 /* BridgeContract.m in Sources */,
				8DBB4B2F199094590065087D /* AppDelegate.m in Sources */,
				8DBB4B2B199094590065087D /* main.m in Sources */,
				8D0882E419980F4F00A7F888 /* BridgeRoundView.m in Sources */,
				8DBB4B58199095390065087D /* GameTypeSelectionViewController.m in Sources */,
				8D9643AA19993E72001DB5D9 /* GameScorer.m in Sources */,
				8D86227E199A9D29007B2D3A /* ResultsViewController.m in Sources */,
			);
			runOnlyForDeploymentPostprocessing = 0;
		};
		8DBB4B38199094590065087D /* Sources */ = {
			isa = PBXSourcesBuildPhase;
			buildActionMask = 2147483647;
			files = (
				8DBB4B4A199094590065087D /* BridgeScorerTests.m in Sources */,
				8D9643AD19994441001DB5D9 /* GameScorerTests.m in Sources */,
			);
			runOnlyForDeploymentPostprocessing = 0;
		};
/* End PBXSourcesBuildPhase section */

/* Begin PBXTargetDependency section */
		8DBB4B42199094590065087D /* PBXTargetDependency */ = {
			isa = PBXTargetDependency;
			target = 8DBB4B1A199094590065087D /* BridgeScorer */;
			targetProxy = 8DBB4B41199094590065087D /* PBXContainerItemProxy */;
		};
/* End PBXTargetDependency section */

/* Begin PBXVariantGroup section */
		8DBB4B27199094590065087D /* InfoPlist.strings */ = {
			isa = PBXVariantGroup;
			children = (
				8DBB4B28199094590065087D /* en */,
			);
			name = InfoPlist.strings;
			sourceTree = "<group>";
		};
		8DBB4B30199094590065087D /* Main.storyboard */ = {
			isa = PBXVariantGroup;
			children = (
				8DBB4B31199094590065087D /* Base */,
			);
			name = Main.storyboard;
			sourceTree = "<group>";
		};
		8DBB4B46199094590065087D /* InfoPlist.strings */ = {
			isa = PBXVariantGroup;
			children = (
				8DBB4B47199094590065087D /* en */,
			);
			name = InfoPlist.strings;
			sourceTree = "<group>";
		};
/* End PBXVariantGroup section */

/* Begin XCBuildConfiguration section */
		8DBB4B4B199094590065087D /* Debug */ = {
			isa = XCBuildConfiguration;
			buildSettings = {
				ALWAYS_SEARCH_USER_PATHS = NO;
				CLANG_CXX_LANGUAGE_STANDARD = "gnu++0x";
				CLANG_CXX_LIBRARY = "libc++";
				CLANG_ENABLE_MODULES = YES;
				CLANG_ENABLE_OBJC_ARC = YES;
				CLANG_WARN_BOOL_CONVERSION = YES;
				CLANG_WARN_CONSTANT_CONVERSION = YES;
				CLANG_WARN_DIRECT_OBJC_ISA_USAGE = YES_ERROR;
				CLANG_WARN_EMPTY_BODY = YES;
				CLANG_WARN_ENUM_CONVERSION = YES;
				CLANG_WARN_INT_CONVERSION = YES;
				CLANG_WARN_OBJC_ROOT_CLASS = YES_ERROR;
				CLANG_WARN__DUPLICATE_METHOD_MATCH = YES;
				"CODE_SIGN_IDENTITY[sdk=iphoneos*]" = "iPhone Developer";
				COPY_PHASE_STRIP = NO;
				GCC_C_LANGUAGE_STANDARD = gnu99;
				GCC_DYNAMIC_NO_PIC = NO;
				GCC_OPTIMIZATION_LEVEL = 0;
				GCC_PREPROCESSOR_DEFINITIONS = (
					"DEBUG=1",
					"$(inherited)",
				);
				GCC_SYMBOLS_PRIVATE_EXTERN = NO;
				GCC_WARN_64_TO_32_BIT_CONVERSION = YES;
				GCC_WARN_ABOUT_RETURN_TYPE = YES_ERROR;
				GCC_WARN_UNDECLARED_SELECTOR = YES;
				GCC_WARN_UNINITIALIZED_AUTOS = YES_AGGRESSIVE;
				GCC_WARN_UNUSED_FUNCTION = YES;
				GCC_WARN_UNUSED_VARIABLE = YES;
				IPHONEOS_DEPLOYMENT_TARGET = 7.1;
				ONLY_ACTIVE_ARCH = YES;
				SDKROOT = iphoneos;
			};
			name = Debug;
		};
		8DBB4B4C199094590065087D /* Release */ = {
			isa = XCBuildConfiguration;
			buildSettings = {
				ALWAYS_SEARCH_USER_PATHS = NO;
				CLANG_CXX_LANGUAGE_STANDARD = "gnu++0x";
				CLANG_CXX_LIBRARY = "libc++";
				CLANG_ENABLE_MODULES = YES;
				CLANG_ENABLE_OBJC_ARC = YES;
				CLANG_WARN_BOOL_CONVERSION = YES;
				CLANG_WARN_CONSTANT_CONVERSION = YES;
				CLANG_WARN_DIRECT_OBJC_ISA_USAGE = YES_ERROR;
				CLANG_WARN_EMPTY_BODY = YES;
				CLANG_WARN_ENUM_CONVERSION = YES;
				CLANG_WARN_INT_CONVERSION = YES;
				CLANG_WARN_OBJC_ROOT_CLASS = YES_ERROR;
				CLANG_WARN__DUPLICATE_METHOD_MATCH = YES;
				"CODE_SIGN_IDENTITY[sdk=iphoneos*]" = "iPhone Developer";
				COPY_PHASE_STRIP = YES;
				ENABLE_NS_ASSERTIONS = NO;
				GCC_C_LANGUAGE_STANDARD = gnu99;
				GCC_WARN_64_TO_32_BIT_CONVERSION = YES;
				GCC_WARN_ABOUT_RETURN_TYPE = YES_ERROR;
				GCC_WARN_UNDECLARED_SELECTOR = YES;
				GCC_WARN_UNINITIALIZED_AUTOS = YES_AGGRESSIVE;
				GCC_WARN_UNUSED_FUNCTION = YES;
				GCC_WARN_UNUSED_VARIABLE = YES;
				IPHONEOS_DEPLOYMENT_TARGET = 7.1;
				SDKROOT = iphoneos;
				VALIDATE_PRODUCT = YES;
			};
			name = Release;
		};
		8DBB4B4E199094590065087D /* Debug */ = {
			isa = XCBuildConfiguration;
			buildSettings = {
				ASSETCATALOG_COMPILER_APPICON_NAME = AppIcon;
				ASSETCATALOG_COMPILER_LAUNCHIMAGE_NAME = LaunchImage;
				CODE_SIGN_IDENTITY = "iPhone Distribution: Jeffrey Ching (G7BTFZEF64)";
				"CODE_SIGN_IDENTITY[sdk=iphoneos*]" = "iPhone Developer";
				GCC_PRECOMPILE_PREFIX_HEADER = YES;
				GCC_PREFIX_HEADER = "BridgeScorer/BridgeScorer-Prefix.pch";
				INFOPLIST_FILE = "BridgeScorer/BridgeScorer-Info.plist";
				IPHONEOS_DEPLOYMENT_TARGET = 7.1;
				PRODUCT_NAME = "$(TARGET_NAME)";
				PROVISIONING_PROFILE = "";
				TARGETED_DEVICE_FAMILY = 1;
				WRAPPER_EXTENSION = app;
			};
			name = Debug;
		};
		8DBB4B4F199094590065087D /* Release */ = {
			isa = XCBuildConfiguration;
			buildSettings = {
				ASSETCATALOG_COMPILER_APPICON_NAME = AppIcon;
				ASSETCATALOG_COMPILER_LAUNCHIMAGE_NAME = LaunchImage;
				CODE_SIGN_IDENTITY = "iPhone Distribution: Jeffrey Ching (G7BTFZEF64)";
				"CODE_SIGN_IDENTITY[sdk=iphoneos*]" = "iPhone Distribution: Jeffrey Ching (G7BTFZEF64)";
				GCC_PRECOMPILE_PREFIX_HEADER = YES;
				GCC_PREFIX_HEADER = "BridgeScorer/BridgeScorer-Prefix.pch";
				INFOPLIST_FILE = "BridgeScorer/BridgeScorer-Info.plist";
				IPHONEOS_DEPLOYMENT_TARGET = 7.1;
				PRODUCT_NAME = "$(TARGET_NAME)";
				PROVISIONING_PROFILE = "";
				TARGETED_DEVICE_FAMILY = 1;
				WRAPPER_EXTENSION = app;
			};
			name = Release;
		};
		8DBB4B51199094590065087D /* Debug */ = {
			isa = XCBuildConfiguration;
			buildSettings = {
				BUNDLE_LOADER = "$(BUILT_PRODUCTS_DIR)/BridgeScorer.app/BridgeScorer";
				FRAMEWORK_SEARCH_PATHS = (
					"$(SDKROOT)/Developer/Library/Frameworks",
					"$(inherited)",
					"$(DEVELOPER_FRAMEWORKS_DIR)",
				);
				GCC_PRECOMPILE_PREFIX_HEADER = YES;
				GCC_PREFIX_HEADER = "BridgeScorer/BridgeScorer-Prefix.pch";
				GCC_PREPROCESSOR_DEFINITIONS = (
					"DEBUG=1",
					"$(inherited)",
				);
				INFOPLIST_FILE = "BridgeScorerTests/BridgeScorerTests-Info.plist";
				PRODUCT_NAME = "$(TARGET_NAME)";
				TEST_HOST = "$(BUNDLE_LOADER)";
				WRAPPER_EXTENSION = xctest;
			};
			name = Debug;
		};
		8DBB4B52199094590065087D /* Release */ = {
			isa = XCBuildConfiguration;
			buildSettings = {
				BUNDLE_LOADER = "$(BUILT_PRODUCTS_DIR)/BridgeScorer.app/BridgeScorer";
				FRAMEWORK_SEARCH_PATHS = (
					"$(SDKROOT)/Developer/Library/Frameworks",
					"$(inherited)",
					"$(DEVELOPER_FRAMEWORKS_DIR)",
				);
				GCC_PRECOMPILE_PREFIX_HEADER = YES;
				GCC_PREFIX_HEADER = "BridgeScorer/BridgeScorer-Prefix.pch";
				INFOPLIST_FILE = "BridgeScorerTests/BridgeScorerTests-Info.plist";
				PRODUCT_NAME = "$(TARGET_NAME)";
				TEST_HOST = "$(BUNDLE_LOADER)";
				WRAPPER_EXTENSION = xctest;
			};
			name = Release;
		};
/* End XCBuildConfiguration section */

/* Begin XCConfigurationList section */
		8DBB4B16199094590065087D /* Build configuration list for PBXProject "BridgeScorer" */ = {
			isa = XCConfigurationList;
			buildConfigurations = (
				8DBB4B4B199094590065087D /* Debug */,
				8DBB4B4C199094590065087D /* Release */,
			);
			defaultConfigurationIsVisible = 0;
			defaultConfigurationName = Release;
		};
		8DBB4B4D199094590065087D /* Build configuration list for PBXNativeTarget "BridgeScorer" */ = {
			isa = XCConfigurationList;
			buildConfigurations = (
				8DBB4B4E199094590065087D /* Debug */,
				8DBB4B4F199094590065087D /* Release */,
			);
			defaultConfigurationIsVisible = 0;
			defaultConfigurationName = Release;
		};
		8DBB4B50199094590065087D /* Build configuration list for PBXNativeTarget "BridgeScorerTests" */ = {
			isa = XCConfigurationList;
			buildConfigurations = (
				8DBB4B51199094590065087D /* Debug */,
				8DBB4B52199094590065087D /* Release */,
			);
			defaultConfigurationIsVisible = 0;
			defaultConfigurationName = Release;
		};
/* End XCConfigurationList section */
	};
	rootObject = 8DBB4B13199094590065087D /* Project object */;
}
